# THIS IS AN AUTOGENERATED FILE. DO NOT EDIT THIS FILE DIRECTLY.
# yarn lockfile v1


jsmidgen@^0.1.5, jsmidgen@~0.1.4:
  version "0.1.5"
  resolved "https://registry.yarnpkg.com/jsmidgen/-/jsmidgen-0.1.5.tgz#ad0afd6375eb12f51064025393ce3baec380585d"

pegjs@^0.10.0:
  version "0.10.0"
  resolved "https://registry.yarnpkg.com/pegjs/-/pegjs-0.10.0.tgz#cf8bafae6eddff4b5a7efb185269eaaf4610ddbd"

scribbletune@^0.11.2:
  version "0.11.2"
  resolved "https://registry.yarnpkg.com/scribbletune/-/scribbletune-0.11.2.tgz#aa2766a2921f830df120065788b9b79249f79083"
  dependencies:
    jsmidgen "~0.1.4"
